// !$*UTF8*$!
{
	archiveVersion = 1;
	classes = {
	};
	objectVersion = 56;
	objects = {

/* Begin PBXBuildFile section */
		638B9848290020AA002F2971 /* main.swift in Sources */ = {isa = PBXBuildFile; fileRef = 638B9847290020AA002F2971 /* main.swift */; };
/* End PBXBuildFile section */

/* Begin PBXCopyFilesBuildPhase section */
		638B9842290020AA002F2971 /* CopyFiles */ = {
			isa = PBXCopyFilesBuildPhase;
			buildActionMask = 2147483647;
			dstPath = /usr/share/man/man1/;
			dstSubfolderSpec = 0;
			files = (
			);
			runOnlyForDeploymentPostprocessing = 1;
		};
/* End PBXCopyFilesBuildPhase section */

/* Begin PBXFileReference section */
		6308B163292BC6070032D983 /* 진료 순서 정하기.swift */ = {isa = PBXFileReference; lastKnownFileType = sourcecode.swift; path = "진료 순서 정하기.swift"; sourceTree = "<group>"; };
		6308B165292BC9000032D983 /* 최댓값과 최솟값.swift */ = {isa = PBXFileReference; lastKnownFileType = sourcecode.swift; path = "최댓값과 최솟값.swift"; sourceTree = "<group>"; };
		63244309291359B400231410 /* 컨트롤 제트.swift */ = {isa = PBXFileReference; lastKnownFileType = sourcecode.swift; path = "컨트롤 제트.swift"; sourceTree = "<group>"; };
		6324430A29135BB900231410 /* 가위 바위 보.swift */ = {isa = PBXFileReference; lastKnownFileType = sourcecode.swift; path = "가위 바위 보.swift"; sourceTree = "<group>"; };
		6324430B29135F2400231410 /* 인텍스 바꾸기.swift */ = {isa = PBXFileReference; lastKnownFileType = sourcecode.swift; path = "인텍스 바꾸기.swift"; sourceTree = "<group>"; };
		6324430C2913614D00231410 /* 음양 더하기.swift */ = {isa = PBXFileReference; lastKnownFileType = sourcecode.swift; path = "음양 더하기.swift"; sourceTree = "<group>"; };
		63288018292E5EFE001914D9 /* 배열 원소의 길이.swift */ = {isa = PBXFileReference; lastKnownFileType = sourcecode.swift; path = "배열 원소의 길이.swift"; sourceTree = "<group>"; };
		63288019292E627C001914D9 /* 문자 반복 출력하기.swift */ = {isa = PBXFileReference; lastKnownFileType = sourcecode.swift; path = "문자 반복 출력하기.swift"; sourceTree = "<group>"; };
		6328801A292E631F001914D9 /* 특정 문자 제거하기.swift */ = {isa = PBXFileReference; lastKnownFileType = sourcecode.swift; path = "특정 문자 제거하기.swift"; sourceTree = "<group>"; };
		6328801B292E63DF001914D9 /* 아이스 아메리카노.swift */ = {isa = PBXFileReference; lastKnownFileType = sourcecode.swift; path = "아이스 아메리카노.swift"; sourceTree = "<group>"; };
		6328801C292E65C5001914D9 /* 배열의 유사도.swift */ = {isa = PBXFileReference; lastKnownFileType = sourcecode.swift; path = "배열의 유사도.swift"; sourceTree = "<group>"; };
		6328801D292E661D001914D9 /* 짝수는 싫어요.swift */ = {isa = PBXFileReference; lastKnownFileType = sourcecode.swift; path = "짝수는 싫어요.swift"; sourceTree = "<group>"; };
		6331F3E52933AD2D004F879E /* 중앙값 구하기.swift */ = {isa = PBXFileReference; lastKnownFileType = sourcecode.swift; path = "중앙값 구하기.swift"; sourceTree = "<group>"; };
		634047E5291D074500000C3B /* 등수 매기기.swift */ = {isa = PBXFileReference; lastKnownFileType = sourcecode.swift; path = "등수 매기기.swift"; sourceTree = "<group>"; };
		634047E6291D08AB00000C3B /* 이진수 더하기.swift */ = {isa = PBXFileReference; lastKnownFileType = sourcecode.swift; path = "이진수 더하기.swift"; sourceTree = "<group>"; };
		634047E7291D0FF200000C3B /* 중복된 문자 제거.swift */ = {isa = PBXFileReference; lastKnownFileType = sourcecode.swift; path = "중복된 문자 제거.swift"; sourceTree = "<group>"; };
		634047E8291D165900000C3B /* 두 개 뽑아서 더하기.swift */ = {isa = PBXFileReference; lastKnownFileType = sourcecode.swift; path = "두 개 뽑아서 더하기.swift"; sourceTree = "<group>"; };
		634047E9291D16FE00000C3B /* 서울에서 김거방 찾기.swift */ = {isa = PBXFileReference; lastKnownFileType = sourcecode.swift; path = "서울에서 김거방 찾기.swift"; sourceTree = "<group>"; };
		634FD3A62951ECC1005E9862 /* 자릿수 더하기.swift */ = {isa = PBXFileReference; lastKnownFileType = sourcecode.swift; path = "자릿수 더하기.swift"; sourceTree = "<group>"; };
		6352F4602938F9E8009A1872 /* 예상 대진표.swift */ = {isa = PBXFileReference; lastKnownFileType = sourcecode.swift; path = "예상 대진표.swift"; sourceTree = "<group>"; };
		6353FA61294F615D00DAC727 /* 약수 구하기.swift */ = {isa = PBXFileReference; lastKnownFileType = sourcecode.swift; path = "약수 구하기.swift"; sourceTree = "<group>"; };
		6353FA62294F62FA00DAC727 /* 종이자르기.swift */ = {isa = PBXFileReference; lastKnownFileType = sourcecode.swift; path = "종이자르기.swift"; sourceTree = "<group>"; };
		6361E554291E97D8000C1737 /* 수박수박수박수박수박수?.swift */ = {isa = PBXFileReference; lastKnownFileType = sourcecode.swift; path = "수박수박수박수박수박수?.swift"; sourceTree = "<group>"; };
		6365B1E8290976F000CAC3AD /* 영어가 싫어요.swift */ = {isa = PBXFileReference; lastKnownFileType = sourcecode.swift; path = "영어가 싫어요.swift"; sourceTree = "<group>"; };
		6365B1E92909771B00CAC3AD /* 암호 해독.swift */ = {isa = PBXFileReference; lastKnownFileType = sourcecode.swift; path = "암호 해독.swift"; sourceTree = "<group>"; };
		6365B1EA2909773E00CAC3AD /* 대문자와 소문자.swift */ = {isa = PBXFileReference; lastKnownFileType = sourcecode.swift; path = "대문자와 소문자.swift"; sourceTree = "<group>"; };
		6365B1EC29097A2900CAC3AD /* 부족한 금액 계산하기.swift */ = {isa = PBXFileReference; lastKnownFileType = sourcecode.swift; path = "부족한 금액 계산하기.swift"; sourceTree = "<group>"; };
		637DEA2D29211CB400A16ADB /* 모스부호(1).swift */ = {isa = PBXFileReference; lastKnownFileType = sourcecode.swift; path = "모스부호(1).swift"; sourceTree = "<group>"; };
		637DEA2E29213CAC00A16ADB /* 2016년.swift */ = {isa = PBXFileReference; lastKnownFileType = sourcecode.swift; path = "2016년.swift"; sourceTree = "<group>"; };
		637DEA312921474800A16ADB /* 캐릭터의 좌표.swift */ = {isa = PBXFileReference; lastKnownFileType = sourcecode.swift; path = "캐릭터의 좌표.swift"; sourceTree = "<group>"; };
		637DEA3229214BB800A16ADB /* 약수의 개수와 덧셈.swift */ = {isa = PBXFileReference; lastKnownFileType = sourcecode.swift; path = "약수의 개수와 덧셈.swift"; sourceTree = "<group>"; };
		637DEA332921505B00A16ADB /* 몫 구하기.swift */ = {isa = PBXFileReference; lastKnownFileType = sourcecode.swift; path = "몫 구하기.swift"; sourceTree = "<group>"; };
		637DEA342921508F00A16ADB /* 두 수의 곱.swift */ = {isa = PBXFileReference; lastKnownFileType = sourcecode.swift; path = "두 수의 곱.swift"; sourceTree = "<group>"; };
		637DEA35292150E200A16ADB /* 나머지 구하기.swift */ = {isa = PBXFileReference; lastKnownFileType = sourcecode.swift; path = "나머지 구하기.swift"; sourceTree = "<group>"; };
		637DEA372921511400A16ADB /* 두 수의 차.swift */ = {isa = PBXFileReference; lastKnownFileType = sourcecode.swift; path = "두 수의 차.swift"; sourceTree = "<group>"; };
		637DEA382921518100A16ADB /* 나이 출력.swift */ = {isa = PBXFileReference; lastKnownFileType = sourcecode.swift; path = "나이 출력.swift"; sourceTree = "<group>"; };
		637DEA39292151D700A16ADB /* 숫자 비교하기.swift */ = {isa = PBXFileReference; lastKnownFileType = sourcecode.swift; path = "숫자 비교하기.swift"; sourceTree = "<group>"; };
		637DEA3A2921521000A16ADB /* 두 수의 합.swift */ = {isa = PBXFileReference; lastKnownFileType = sourcecode.swift; path = "두 수의 합.swift"; sourceTree = "<group>"; };
		637DEA3B292152B800A16ADB /* 각도기.swift */ = {isa = PBXFileReference; lastKnownFileType = sourcecode.swift; path = "각도기.swift"; sourceTree = "<group>"; };
		6383E792290194F700F5366D /* 2차원으로 만들기.swift */ = {isa = PBXFileReference; lastKnownFileType = sourcecode.swift; path = "2차원으로 만들기.swift"; sourceTree = "<group>"; };
		638B9844290020AA002F2971 /* Algorithm */ = {isa = PBXFileReference; explicitFileType = "compiled.mach-o.executable"; includeInIndex = 0; path = Algorithm; sourceTree = BUILT_PRODUCTS_DIR; };
		638B9847290020AA002F2971 /* main.swift */ = {isa = PBXFileReference; lastKnownFileType = sourcecode.swift; path = main.swift; sourceTree = "<group>"; };
		638B9851290020E8002F2971 /* 가장 큰 수 찾기.swift */ = {isa = PBXFileReference; lastKnownFileType = sourcecode.swift; path = "가장 큰 수 찾기.swift"; sourceTree = "<group>"; };
		638B985229002101002F2971 /* 로그인 성공?.swift */ = {isa = PBXFileReference; lastKnownFileType = sourcecode.swift; path = "로그인 성공?.swift"; sourceTree = "<group>"; };
		638B985329002117002F2971 /* 모음 제거.swift */ = {isa = PBXFileReference; lastKnownFileType = sourcecode.swift; path = "모음 제거.swift"; sourceTree = "<group>"; };
		638B985429002126002F2971 /* 세균 증식.swift */ = {isa = PBXFileReference; lastKnownFileType = sourcecode.swift; path = "세균 증식.swift"; sourceTree = "<group>"; };
		638B98552900213A002F2971 /* 순열 검사.swift */ = {isa = PBXFileReference; lastKnownFileType = sourcecode.swift; path = "순열 검사.swift"; sourceTree = "<group>"; };
		638B98562900214A002F2971 /* n의 배수 고르기.swift */ = {isa = PBXFileReference; lastKnownFileType = sourcecode.swift; path = "n의 배수 고르기.swift"; sourceTree = "<group>"; };
		638B985929002166002F2971 /* 내적.swift */ = {isa = PBXFileReference; lastKnownFileType = sourcecode.swift; path = "내적.swift"; sourceTree = "<group>"; };
		638B985A2900217A002F2971 /* 하샤드 수.swift */ = {isa = PBXFileReference; lastKnownFileType = sourcecode.swift; path = "하샤드 수.swift"; sourceTree = "<group>"; };
		63A752E22927C51700FB60E7 /* 두 수의 나눗셈.swift */ = {isa = PBXFileReference; lastKnownFileType = sourcecode.swift; path = "두 수의 나눗셈.swift"; sourceTree = "<group>"; };
		63A752E32927C62000FB60E7 /* 양꼬치.swift */ = {isa = PBXFileReference; lastKnownFileType = sourcecode.swift; path = "양꼬치.swift"; sourceTree = "<group>"; };
		63A752E42927C6A800FB60E7 /* 짝수의 합.swift */ = {isa = PBXFileReference; lastKnownFileType = sourcecode.swift; path = "짝수의 합.swift"; sourceTree = "<group>"; };
		63A752E52927C86300FB60E7 /* 배열의 평균값.swift */ = {isa = PBXFileReference; lastKnownFileType = sourcecode.swift; path = "배열의 평균값.swift"; sourceTree = "<group>"; };
		63A752E62927F13D00FB60E7 /* 머쓱이보다 키 큰 사람.swift */ = {isa = PBXFileReference; lastKnownFileType = sourcecode.swift; path = "머쓱이보다 키 큰 사람.swift"; sourceTree = "<group>"; };
		63A752E72927F1AD00FB60E7 /* 중복된 숫자 개수.swift */ = {isa = PBXFileReference; lastKnownFileType = sourcecode.swift; path = "중복된 숫자 개수.swift"; sourceTree = "<group>"; };
		63A752E82927F2E800FB60E7 /* 피자 나눠 먹기 (1).swift */ = {isa = PBXFileReference; lastKnownFileType = sourcecode.swift; path = "피자 나눠 먹기 (1).swift"; sourceTree = "<group>"; };
		63A752EB2927F45800FB60E7 /* 피자 나눠 먹기 (3).swift */ = {isa = PBXFileReference; lastKnownFileType = sourcecode.swift; path = "피자 나눠 먹기 (3).swift"; sourceTree = "<group>"; };
		63A752EC2927F50C00FB60E7 /* 문자열 뒤집기.swift */ = {isa = PBXFileReference; lastKnownFileType = sourcecode.swift; path = "문자열 뒤집기.swift"; sourceTree = "<group>"; };
		63A752ED2927F54800FB60E7 /* 배열 뒤집기.swift */ = {isa = PBXFileReference; lastKnownFileType = sourcecode.swift; path = "배열 뒤집기.swift"; sourceTree = "<group>"; };
		63A752EE2927F59A00FB60E7 /* 편지.swift */ = {isa = PBXFileReference; lastKnownFileType = sourcecode.swift; path = "편지.swift"; sourceTree = "<group>"; };
		63A752EF2927F5E800FB60E7 /* 배열 두배 만들기.swift */ = {isa = PBXFileReference; lastKnownFileType = sourcecode.swift; path = "배열 두배 만들기.swift"; sourceTree = "<group>"; };
		63A752F0292A4FF100FB60E7 /* 최댓값 만들기 (1).swift */ = {isa = PBXFileReference; lastKnownFileType = sourcecode.swift; path = "최댓값 만들기 (1).swift"; sourceTree = "<group>"; };
		63A752F1292A509100FB60E7 /* 짝수 홀수 개수.swift */ = {isa = PBXFileReference; lastKnownFileType = sourcecode.swift; path = "짝수 홀수 개수.swift"; sourceTree = "<group>"; };
		63A752F2292A516000FB60E7 /* 점의 위치 구하기.swift */ = {isa = PBXFileReference; lastKnownFileType = sourcecode.swift; path = "점의 위치 구하기.swift"; sourceTree = "<group>"; };
		63A752F3292A522100FB60E7 /* 배열 자르기.swift */ = {isa = PBXFileReference; lastKnownFileType = sourcecode.swift; path = "배열 자르기.swift"; sourceTree = "<group>"; };
		63A752F4292A59C900FB60E7 /* 삼각형의 완성조건 (1).swift */ = {isa = PBXFileReference; lastKnownFileType = sourcecode.swift; path = "삼각형의 완성조건 (1).swift"; sourceTree = "<group>"; };
		63A752F529325AAC00FB60E7 /* 옷가게 할인 받기.swift */ = {isa = PBXFileReference; lastKnownFileType = sourcecode.swift; path = "옷가게 할인 받기.swift"; sourceTree = "<group>"; };
		63B2F11929003A970005DFD5 /* 콜라츠 추측.swift */ = {isa = PBXFileReference; lastKnownFileType = sourcecode.swift; path = "콜라츠 추측.swift"; sourceTree = "<group>"; };
		63B2F11A290040310005DFD5 /* 개미군단.swift */ = {isa = PBXFileReference; lastKnownFileType = sourcecode.swift; path = "개미군단.swift"; sourceTree = "<group>"; };
		63B2F11B2900CB5B0005DFD5 /* 팩토리얼.swift */ = {isa = PBXFileReference; lastKnownFileType = sourcecode.swift; path = "팩토리얼.swift"; sourceTree = "<group>"; };
		63B2F11C2900D76E0005DFD5 /* k의 개수.swift */ = {isa = PBXFileReference; lastKnownFileType = sourcecode.swift; path = "k의 개수.swift"; sourceTree = "<group>"; };
		63BF2304294206A300A5DA96 /* 핸드폰 번호 가리기.swift */ = {isa = PBXFileReference; lastKnownFileType = sourcecode.swift; path = "핸드폰 번호 가리기.swift"; sourceTree = "<group>"; };
		63BF230529420EC800A5DA96 /* 모의고사.swift */ = {isa = PBXFileReference; lastKnownFileType = sourcecode.swift; path = "모의고사.swift"; sourceTree = "<group>"; };
		63BF23062945BED100A5DA96 /* 짝수와 홀수.swift */ = {isa = PBXFileReference; lastKnownFileType = sourcecode.swift; path = "짝수와 홀수.swift"; sourceTree = "<group>"; };
		63BF23072945BF2A00A5DA96 /* 평균 구하기.swift */ = {isa = PBXFileReference; lastKnownFileType = sourcecode.swift; path = "평균 구하기.swift"; sourceTree = "<group>"; };
		63BF23082945BFBE00A5DA96 /* 약수의 합.swift */ = {isa = PBXFileReference; lastKnownFileType = sourcecode.swift; path = "약수의 합.swift"; sourceTree = "<group>"; };
		63C77EF7294B316000EF1A9F /* JadenCase 문자열 만들기.swift */ = {isa = PBXFileReference; lastKnownFileType = sourcecode.swift; path = "JadenCase 문자열 만들기.swift"; sourceTree = "<group>"; };
		63C77EF9294B40F000EF1A9F /* 치킨 쿠폰.swift */ = {isa = PBXFileReference; lastKnownFileType = sourcecode.swift; path = "치킨 쿠폰.swift"; sourceTree = "<group>"; };
		63C77EFA294B477100EF1A9F /* 콜라 문제.swift */ = {isa = PBXFileReference; lastKnownFileType = sourcecode.swift; path = "콜라 문제.swift"; sourceTree = "<group>"; };
		63C77EFB294B668700EF1A9F /* 한 번만 등장한 문자.swift */ = {isa = PBXFileReference; lastKnownFileType = sourcecode.swift; path = "한 번만 등장한 문자.swift"; sourceTree = "<group>"; };
		63D86F46293B445600172226 /* 숨어있는 숫자와 덧셈 (1).swift */ = {isa = PBXFileReference; lastKnownFileType = sourcecode.swift; path = "숨어있는 숫자와 덧셈 (1).swift"; sourceTree = "<group>"; };
		63D86F47293B44BD00172226 /* 문자열 정렬하기 (1).swift */ = {isa = PBXFileReference; lastKnownFileType = sourcecode.swift; path = "문자열 정렬하기 (1).swift"; sourceTree = "<group>"; };
/* End PBXFileReference section */

/* Begin PBXFrameworksBuildPhase section */
		638B9841290020AA002F2971 /* Frameworks */ = {
			isa = PBXFrameworksBuildPhase;
			buildActionMask = 2147483647;
			files = (
			);
			runOnlyForDeploymentPostprocessing = 0;
		};
/* End PBXFrameworksBuildPhase section */

/* Begin PBXGroup section */
		6308B164292BC8ED0032D983 /* 2 */ = {
			isa = PBXGroup;
			children = (
				6308B165292BC9000032D983 /* 최댓값과 최솟값.swift */,
				6352F4602938F9E8009A1872 /* 예상 대진표.swift */,
				63C77EF7294B316000EF1A9F /* JadenCase 문자열 만들기.swift */,
			);
			path = 2;
			sourceTree = "<group>";
		};
		638B983B290020AA002F2971 = {
			isa = PBXGroup;
			children = (
				638B9846290020AA002F2971 /* Algorithm */,
				638B9845290020AA002F2971 /* Products */,
			);
			sourceTree = "<group>";
		};
		638B9845290020AA002F2971 /* Products */ = {
			isa = PBXGroup;
			children = (
				638B9844290020AA002F2971 /* Algorithm */,
			);
			name = Products;
			sourceTree = "<group>";
		};
		638B9846290020AA002F2971 /* Algorithm */ = {
			isa = PBXGroup;
			children = (
				638B9847290020AA002F2971 /* main.swift */,
				638B984E290020BB002F2971 /* Code */,
			);
			path = Algorithm;
			sourceTree = "<group>";
		};
		638B984E290020BB002F2971 /* Code */ = {
			isa = PBXGroup;
			children = (
				638B984F290020CF002F2971 /* BOJ */,
				638B9850290020D5002F2971 /* Programmers */,
			);
			path = Code;
			sourceTree = "<group>";
		};
		638B984F290020CF002F2971 /* BOJ */ = {
			isa = PBXGroup;
			children = (
			);
			path = BOJ;
			sourceTree = "<group>";
		};
		638B9850290020D5002F2971 /* Programmers */ = {
			isa = PBXGroup;
			children = (
				638B985729002152002F2971 /* 0 */,
				638B985829002158002F2971 /* 1 */,
				6308B164292BC8ED0032D983 /* 2 */,
			);
			path = Programmers;
			sourceTree = "<group>";
		};
		638B985729002152002F2971 /* 0 */ = {
			isa = PBXGroup;
			children = (
				637DEA332921505B00A16ADB /* 몫 구하기.swift */,
				637DEA342921508F00A16ADB /* 두 수의 곱.swift */,
				637DEA35292150E200A16ADB /* 나머지 구하기.swift */,
				637DEA372921511400A16ADB /* 두 수의 차.swift */,
				637DEA382921518100A16ADB /* 나이 출력.swift */,
				637DEA3B292152B800A16ADB /* 각도기.swift */,
				637DEA39292151D700A16ADB /* 숫자 비교하기.swift */,
				637DEA3A2921521000A16ADB /* 두 수의 합.swift */,
				63A752E22927C51700FB60E7 /* 두 수의 나눗셈.swift */,
				63A752E32927C62000FB60E7 /* 양꼬치.swift */,
				63A752E42927C6A800FB60E7 /* 짝수의 합.swift */,
				63A752E52927C86300FB60E7 /* 배열의 평균값.swift */,
				63A752E62927F13D00FB60E7 /* 머쓱이보다 키 큰 사람.swift */,
				63A752E72927F1AD00FB60E7 /* 중복된 숫자 개수.swift */,
				63A752E82927F2E800FB60E7 /* 피자 나눠 먹기 (1).swift */,
				63A752EB2927F45800FB60E7 /* 피자 나눠 먹기 (3).swift */,
				63A752EC2927F50C00FB60E7 /* 문자열 뒤집기.swift */,
				63A752ED2927F54800FB60E7 /* 배열 뒤집기.swift */,
				63A752EF2927F5E800FB60E7 /* 배열 두배 만들기.swift */,
				63A752F0292A4FF100FB60E7 /* 최댓값 만들기 (1).swift */,
				63A752F1292A509100FB60E7 /* 짝수 홀수 개수.swift */,
				63A752F2292A516000FB60E7 /* 점의 위치 구하기.swift */,
				63A752F3292A522100FB60E7 /* 배열 자르기.swift */,
				63A752F4292A59C900FB60E7 /* 삼각형의 완성조건 (1).swift */,
				63288018292E5EFE001914D9 /* 배열 원소의 길이.swift */,
				63288019292E627C001914D9 /* 문자 반복 출력하기.swift */,
				6328801A292E631F001914D9 /* 특정 문자 제거하기.swift */,
				6328801B292E63DF001914D9 /* 아이스 아메리카노.swift */,
				6328801C292E65C5001914D9 /* 배열의 유사도.swift */,
				6328801D292E661D001914D9 /* 짝수는 싫어요.swift */,
				63A752F529325AAC00FB60E7 /* 옷가게 할인 받기.swift */,
				6331F3E52933AD2D004F879E /* 중앙값 구하기.swift */,
				63D86F46293B445600172226 /* 숨어있는 숫자와 덧셈 (1).swift */,
				63D86F47293B44BD00172226 /* 문자열 정렬하기 (1).swift */,
				638B9851290020E8002F2971 /* 가장 큰 수 찾기.swift */,
				638B985229002101002F2971 /* 로그인 성공?.swift */,
				638B985329002117002F2971 /* 모음 제거.swift */,
				638B985429002126002F2971 /* 세균 증식.swift */,
				638B98552900213A002F2971 /* 순열 검사.swift */,
				638B98562900214A002F2971 /* n의 배수 고르기.swift */,
				63B2F11A290040310005DFD5 /* 개미군단.swift */,
				63B2F11B2900CB5B0005DFD5 /* 팩토리얼.swift */,
				6383E792290194F700F5366D /* 2차원으로 만들기.swift */,
				63B2F11C2900D76E0005DFD5 /* k의 개수.swift */,
				6365B1E8290976F000CAC3AD /* 영어가 싫어요.swift */,
				6365B1E92909771B00CAC3AD /* 암호 해독.swift */,
				6365B1EA2909773E00CAC3AD /* 대문자와 소문자.swift */,
				63244309291359B400231410 /* 컨트롤 제트.swift */,
				6324430A29135BB900231410 /* 가위 바위 보.swift */,
				6324430B29135F2400231410 /* 인텍스 바꾸기.swift */,
				634047E5291D074500000C3B /* 등수 매기기.swift */,
				634047E6291D08AB00000C3B /* 이진수 더하기.swift */,
				634047E7291D0FF200000C3B /* 중복된 문자 제거.swift */,
				637DEA312921474800A16ADB /* 캐릭터의 좌표.swift */,
				637DEA2D29211CB400A16ADB /* 모스부호(1).swift */,
				63A752EE2927F59A00FB60E7 /* 편지.swift */,
				6308B163292BC6070032D983 /* 진료 순서 정하기.swift */,
				63C77EF9294B40F000EF1A9F /* 치킨 쿠폰.swift */,
				63C77EFB294B668700EF1A9F /* 한 번만 등장한 문자.swift */,
				6353FA61294F615D00DAC727 /* 약수 구하기.swift */,
				6353FA62294F62FA00DAC727 /* 종이자르기.swift */,
			);
			path = 0;
			sourceTree = "<group>";
		};
		638B985829002158002F2971 /* 1 */ = {
			isa = PBXGroup;
			children = (
				638B985929002166002F2971 /* 내적.swift */,
				638B985A2900217A002F2971 /* 하샤드 수.swift */,
				63B2F11929003A970005DFD5 /* 콜라츠 추측.swift */,
				6365B1EC29097A2900CAC3AD /* 부족한 금액 계산하기.swift */,
				6324430C2913614D00231410 /* 음양 더하기.swift */,
				634047E8291D165900000C3B /* 두 개 뽑아서 더하기.swift */,
				634047E9291D16FE00000C3B /* 서울에서 김거방 찾기.swift */,
				6361E554291E97D8000C1737 /* 수박수박수박수박수박수?.swift */,
				637DEA2E29213CAC00A16ADB /* 2016년.swift */,
				637DEA3229214BB800A16ADB /* 약수의 개수와 덧셈.swift */,
				63BF2304294206A300A5DA96 /* 핸드폰 번호 가리기.swift */,
				63BF230529420EC800A5DA96 /* 모의고사.swift */,
				63BF23062945BED100A5DA96 /* 짝수와 홀수.swift */,
				63BF23072945BF2A00A5DA96 /* 평균 구하기.swift */,
				63BF23082945BFBE00A5DA96 /* 약수의 합.swift */,
				63C77EFA294B477100EF1A9F /* 콜라 문제.swift */,
				634FD3A62951ECC1005E9862 /* 자릿수 더하기.swift */,
			);
			path = 1;
			sourceTree = "<group>";
		};
/* End PBXGroup section */

/* Begin PBXNativeTarget section */
		638B9843290020AA002F2971 /* Algorithm */ = {
			isa = PBXNativeTarget;
			buildConfigurationList = 638B984B290020AA002F2971 /* Build configuration list for PBXNativeTarget "Algorithm" */;
			buildPhases = (
				638B9840290020AA002F2971 /* Sources */,
				638B9841290020AA002F2971 /* Frameworks */,
				638B9842290020AA002F2971 /* CopyFiles */,
			);
			buildRules = (
			);
			dependencies = (
			);
			name = Algorithm;
			productName = Algorithm;
			productReference = 638B9844290020AA002F2971 /* Algorithm */;
			productType = "com.apple.product-type.tool";
		};
/* End PBXNativeTarget section */

/* Begin PBXProject section */
		638B983C290020AA002F2971 /* Project object */ = {
			isa = PBXProject;
			attributes = {
				BuildIndependentTargetsInParallel = 1;
				LastSwiftUpdateCheck = 1400;
				LastUpgradeCheck = 1410;
				TargetAttributes = {
					638B9843290020AA002F2971 = {
						CreatedOnToolsVersion = 14.0.1;
					};
				};
			};
			buildConfigurationList = 638B983F290020AA002F2971 /* Build configuration list for PBXProject "Algorithm" */;
			compatibilityVersion = "Xcode 14.0";
			developmentRegion = en;
			hasScannedForEncodings = 0;
			knownRegions = (
				en,
				Base,
			);
			mainGroup = 638B983B290020AA002F2971;
			productRefGroup = 638B9845290020AA002F2971 /* Products */;
			projectDirPath = "";
			projectRoot = "";
			targets = (
				638B9843290020AA002F2971 /* Algorithm */,
			);
		};
/* End PBXProject section */

/* Begin PBXSourcesBuildPhase section */
		638B9840290020AA002F2971 /* Sources */ = {
			isa = PBXSourcesBuildPhase;
			buildActionMask = 2147483647;
			files = (
				638B9848290020AA002F2971 /* main.swift in Sources */,
			);
			runOnlyForDeploymentPostprocessing = 0;
		};
/* End PBXSourcesBuildPhase section */

/* Begin XCBuildConfiguration section */
		638B9849290020AA002F2971 /* Debug */ = {
			isa = XCBuildConfiguration;
			buildSettings = {
				ALWAYS_SEARCH_USER_PATHS = NO;
				CLANG_ANALYZER_NONNULL = YES;
				CLANG_ANALYZER_NUMBER_OBJECT_CONVERSION = YES_AGGRESSIVE;
				CLANG_CXX_LANGUAGE_STANDARD = "gnu++20";
				CLANG_ENABLE_MODULES = YES;
				CLANG_ENABLE_OBJC_ARC = YES;
				CLANG_ENABLE_OBJC_WEAK = YES;
				CLANG_WARN_BLOCK_CAPTURE_AUTORELEASING = YES;
				CLANG_WARN_BOOL_CONVERSION = YES;
				CLANG_WARN_COMMA = YES;
				CLANG_WARN_CONSTANT_CONVERSION = YES;
				CLANG_WARN_DEPRECATED_OBJC_IMPLEMENTATIONS = YES;
				CLANG_WARN_DIRECT_OBJC_ISA_USAGE = YES_ERROR;
				CLANG_WARN_DOCUMENTATION_COMMENTS = YES;
				CLANG_WARN_EMPTY_BODY = YES;
				CLANG_WARN_ENUM_CONVERSION = YES;
				CLANG_WARN_INFINITE_RECURSION = YES;
				CLANG_WARN_INT_CONVERSION = YES;
				CLANG_WARN_NON_LITERAL_NULL_CONVERSION = YES;
				CLANG_WARN_OBJC_IMPLICIT_RETAIN_SELF = YES;
				CLANG_WARN_OBJC_LITERAL_CONVERSION = YES;
				CLANG_WARN_OBJC_ROOT_CLASS = YES_ERROR;
				CLANG_WARN_QUOTED_INCLUDE_IN_FRAMEWORK_HEADER = YES;
				CLANG_WARN_RANGE_LOOP_ANALYSIS = YES;
				CLANG_WARN_STRICT_PROTOTYPES = YES;
				CLANG_WARN_SUSPICIOUS_MOVE = YES;
				CLANG_WARN_UNGUARDED_AVAILABILITY = YES_AGGRESSIVE;
				CLANG_WARN_UNREACHABLE_CODE = YES;
				CLANG_WARN__DUPLICATE_METHOD_MATCH = YES;
				COPY_PHASE_STRIP = NO;
				DEAD_CODE_STRIPPING = YES;
				DEBUG_INFORMATION_FORMAT = dwarf;
				ENABLE_STRICT_OBJC_MSGSEND = YES;
				ENABLE_TESTABILITY = YES;
				GCC_C_LANGUAGE_STANDARD = gnu11;
				GCC_DYNAMIC_NO_PIC = NO;
				GCC_NO_COMMON_BLOCKS = YES;
				GCC_OPTIMIZATION_LEVEL = 0;
				GCC_PREPROCESSOR_DEFINITIONS = (
					"DEBUG=1",
					"$(inherited)",
				);
				GCC_WARN_64_TO_32_BIT_CONVERSION = YES;
				GCC_WARN_ABOUT_RETURN_TYPE = YES_ERROR;
				GCC_WARN_UNDECLARED_SELECTOR = YES;
				GCC_WARN_UNINITIALIZED_AUTOS = YES_AGGRESSIVE;
				GCC_WARN_UNUSED_FUNCTION = YES;
				GCC_WARN_UNUSED_VARIABLE = YES;
				MACOSX_DEPLOYMENT_TARGET = 12.3;
				MTL_ENABLE_DEBUG_INFO = INCLUDE_SOURCE;
				MTL_FAST_MATH = YES;
				ONLY_ACTIVE_ARCH = YES;
				SDKROOT = macosx;
				SWIFT_ACTIVE_COMPILATION_CONDITIONS = DEBUG;
				SWIFT_OPTIMIZATION_LEVEL = "-Onone";
			};
			name = Debug;
		};
		638B984A290020AA002F2971 /* Release */ = {
			isa = XCBuildConfiguration;
			buildSettings = {
				ALWAYS_SEARCH_USER_PATHS = NO;
				CLANG_ANALYZER_NONNULL = YES;
				CLANG_ANALYZER_NUMBER_OBJECT_CONVERSION = YES_AGGRESSIVE;
				CLANG_CXX_LANGUAGE_STANDARD = "gnu++20";
				CLANG_ENABLE_MODULES = YES;
				CLANG_ENABLE_OBJC_ARC = YES;
				CLANG_ENABLE_OBJC_WEAK = YES;
				CLANG_WARN_BLOCK_CAPTURE_AUTORELEASING = YES;
				CLANG_WARN_BOOL_CONVERSION = YES;
				CLANG_WARN_COMMA = YES;
				CLANG_WARN_CONSTANT_CONVERSION = YES;
				CLANG_WARN_DEPRECATED_OBJC_IMPLEMENTATIONS = YES;
				CLANG_WARN_DIRECT_OBJC_ISA_USAGE = YES_ERROR;
				CLANG_WARN_DOCUMENTATION_COMMENTS = YES;
				CLANG_WARN_EMPTY_BODY = YES;
				CLANG_WARN_ENUM_CONVERSION = YES;
				CLANG_WARN_INFINITE_RECURSION = YES;
				CLANG_WARN_INT_CONVERSION = YES;
				CLANG_WARN_NON_LITERAL_NULL_CONVERSION = YES;
				CLANG_WARN_OBJC_IMPLICIT_RETAIN_SELF = YES;
				CLANG_WARN_OBJC_LITERAL_CONVERSION = YES;
				CLANG_WARN_OBJC_ROOT_CLASS = YES_ERROR;
				CLANG_WARN_QUOTED_INCLUDE_IN_FRAMEWORK_HEADER = YES;
				CLANG_WARN_RANGE_LOOP_ANALYSIS = YES;
				CLANG_WARN_STRICT_PROTOTYPES = YES;
				CLANG_WARN_SUSPICIOUS_MOVE = YES;
				CLANG_WARN_UNGUARDED_AVAILABILITY = YES_AGGRESSIVE;
				CLANG_WARN_UNREACHABLE_CODE = YES;
				CLANG_WARN__DUPLICATE_METHOD_MATCH = YES;
				COPY_PHASE_STRIP = NO;
				DEAD_CODE_STRIPPING = YES;
				DEBUG_INFORMATION_FORMAT = "dwarf-with-dsym";
				ENABLE_NS_ASSERTIONS = NO;
				ENABLE_STRICT_OBJC_MSGSEND = YES;
				GCC_C_LANGUAGE_STANDARD = gnu11;
				GCC_NO_COMMON_BLOCKS = YES;
				GCC_WARN_64_TO_32_BIT_CONVERSION = YES;
				GCC_WARN_ABOUT_RETURN_TYPE = YES_ERROR;
				GCC_WARN_UNDECLARED_SELECTOR = YES;
				GCC_WARN_UNINITIALIZED_AUTOS = YES_AGGRESSIVE;
				GCC_WARN_UNUSED_FUNCTION = YES;
				GCC_WARN_UNUSED_VARIABLE = YES;
				MACOSX_DEPLOYMENT_TARGET = 12.3;
				MTL_ENABLE_DEBUG_INFO = NO;
				MTL_FAST_MATH = YES;
				SDKROOT = macosx;
				SWIFT_COMPILATION_MODE = wholemodule;
				SWIFT_OPTIMIZATION_LEVEL = "-O";
			};
			name = Release;
		};
		638B984C290020AA002F2971 /* Debug */ = {
			isa = XCBuildConfiguration;
			buildSettings = {
				CODE_SIGN_IDENTITY = "-";
				CODE_SIGN_STYLE = Automatic;
				DEAD_CODE_STRIPPING = YES;
				DEVELOPMENT_TEAM = QJ9LBR5S7P;
				ENABLE_HARDENED_RUNTIME = YES;
				PRODUCT_NAME = "$(TARGET_NAME)";
				SWIFT_VERSION = 5.0;
			};
			name = Debug;
		};
		638B984D290020AA002F2971 /* Release */ = {
			isa = XCBuildConfiguration;
			buildSettings = {
				CODE_SIGN_IDENTITY = "-";
				CODE_SIGN_STYLE = Automatic;
				DEAD_CODE_STRIPPING = YES;
				DEVELOPMENT_TEAM = QJ9LBR5S7P;
				ENABLE_HARDENED_RUNTIME = YES;
				PRODUCT_NAME = "$(TARGET_NAME)";
				SWIFT_VERSION = 5.0;
			};
			name = Release;
		};
/* End XCBuildConfiguration section */

/* Begin XCConfigurationList section */
		638B983F290020AA002F2971 /* Build configuration list for PBXProject "Algorithm" */ = {
			isa = XCConfigurationList;
			buildConfigurations = (
				638B9849290020AA002F2971 /* Debug */,
				638B984A290020AA002F2971 /* Release */,
			);
			defaultConfigurationIsVisible = 0;
			defaultConfigurationName = Release;
		};
		638B984B290020AA002F2971 /* Build configuration list for PBXNativeTarget "Algorithm" */ = {
			isa = XCConfigurationList;
			buildConfigurations = (
				638B984C290020AA002F2971 /* Debug */,
				638B984D290020AA002F2971 /* Release */,
			);
			defaultConfigurationIsVisible = 0;
			defaultConfigurationName = Release;
		};
/* End XCConfigurationList section */
	};
	rootObject = 638B983C290020AA002F2971 /* Project object */;
}
